
Microsoft Visual Studio Solution File, Format Version 12.00
# Visual Studio 15
VisualStudioVersion = 15.0.28307.136
MinimumVisualStudioVersion = 10.0.40219.1
Project("{9A19103F-16F7-4668-BE54-9A1E7A4F7556}") = "ThreadSyncDemo", "ThreadSyncDemo.csproj", "{E3532AE1-5F7C-455C-8493-1F973DE22E0C}"
EndProject
Global
	GlobalSection(SolutionConfigurationPlatforms) = preSolution
		Debug|Any CPU = Debug|Any CPU
		Release|Any CPU = Release|Any CPU
	EndGlobalSection
	GlobalSection(ProjectConfigurationPlatforms) = postSolution
		{E3532AE1-5F7C-455C-8493-1F973DE22E0C}.Debug|Any CPU.ActiveCfg = Debug|Any CPU
		{E3532AE1-5F7C-455C-8493-1F973DE22E0C}.Debug|Any CPU.Build.0 = Debug|Any CPU
		{E3532AE1-5F7C-455C-8493-1F973DE22E0C}.Release|Any CPU.ActiveCfg = Release|Any CPU
		{E3532AE1-5F7C-455C-8493-1F973DE22E0C}.Release|Any CPU.Build.0 = Release|Any CPU
	EndGlobalSection
	GlobalSection(SolutionProperties) = preSolution
		HideSolutionNode = FALSE
	EndGlobalSection
	GlobalSection(ExtensibilityGlobals) = postSolution
		SolutionGuid = {CC1DF93B-9F7B-4927-8BBE-C654B51C4FFD}
	EndGlobalSection
EndGlobal
