
Microsoft Visual Studio Solution File, Format Version 12.00
# Visual Studio 15
VisualStudioVersion = 15.0.28307.136
MinimumVisualStudioVersion = 10.0.40219.1
Project("{FAE04EC0-301F-11D3-BF4B-00C04F79EFBC}") = "AsyncDemo", "AsyncDemo\AsyncDemo.csproj", "{281BD40C-30F3-4C05-AEB0-0BA2CB91A8FB}"
EndProject
Global
	GlobalSection(SolutionConfigurationPlatforms) = preSolution
		Debug|Any CPU = Debug|Any CPU
		Release|Any CPU = Release|Any CPU
	EndGlobalSection
	GlobalSection(ProjectConfigurationPlatforms) = postSolution
		{281BD40C-30F3-4C05-AEB0-0BA2CB91A8FB}.Debug|Any CPU.ActiveCfg = Debug|Any CPU
		{281BD40C-30F3-4C05-AEB0-0BA2CB91A8FB}.Debug|Any CPU.Build.0 = Debug|Any CPU
		{281BD40C-30F3-4C05-AEB0-0BA2CB91A8FB}.Release|Any CPU.ActiveCfg = Release|Any CPU
		{281BD40C-30F3-4C05-AEB0-0BA2CB91A8FB}.Release|Any CPU.Build.0 = Release|Any CPU
	EndGlobalSection
	GlobalSection(SolutionProperties) = preSolution
		HideSolutionNode = FALSE
	EndGlobalSection
	GlobalSection(ExtensibilityGlobals) = postSolution
		SolutionGuid = {DD13A577-6EA5-43DB-8DEC-401F4E922736}
	EndGlobalSection
EndGlobal
